
Microsoft Visual Studio Solution File, Format Version 12.00
# Visual Studio Version 16
VisualStudioVersion = 16.0.29613.14
MinimumVisualStudioVersion = 10.0.40219.1
Project("{FAE04EC0-301F-11D3-BF4B-00C04F79EFBC}") = "TicTacToe", "TicTacToe\TicTacToe.csproj", "{B317769B-08A9-417B-A7CF-7B769B8D3099}"
EndProject
Global
	GlobalSection(SolutionConfigurationPlatforms) = preSolution
		Debug|Any CPU = Debug|Any CPU
		Release|Any CPU = Release|Any CPU
	EndGlobalSection
	GlobalSection(ProjectConfigurationPlatforms) = postSolution
		{B317769B-08A9-417B-A7CF-7B769B8D3099}.Debug|Any CPU.ActiveCfg = Debug|Any CPU
		{B317769B-08A9-417B-A7CF-7B769B8D3099}.Debug|Any CPU.Build.0 = Debug|Any CPU
		{B317769B-08A9-417B-A7CF-7B769B8D3099}.Release|Any CPU.ActiveCfg = Release|Any CPU
		{B317769B-08A9-417B-A7CF-7B769B8D3099}.Release|Any CPU.Build.0 = Release|Any CPU
	EndGlobalSection
	GlobalSection(SolutionProperties) = preSolution
		HideSolutionNode = FALSE
	EndGlobalSection
	GlobalSection(ExtensibilityGlobals) = postSolution
		SolutionGuid = {56F4980E-CC78-48AB-ACAF-39881CA5EC87}
	EndGlobalSection
EndGlobal
